# This file was autogenerated by Stack.
# You should not edit this file by hand.
# For more information, please see the documentation at:
#   https://docs.haskellstack.org/en/stable/lock_files

packages:
- completed:
    subdir: ron
    name: ron
    version: '0.11'
    git: https://github.com/ff-notes/ron.git
    pantry-tree:
      size: 1696
      sha256: 954dffaaad96167925fd024edb6f81b201cb1a67f450110aef9049ccf275bbef
    commit: f600cef831de2f52b7f89102b893c215a65941cf
  original:
    subdir: ron
    git: https://github.com/ff-notes/ron.git
    commit: f600cef831de2f52b7f89102b893c215a65941cf
- completed:
    subdir: ron-rdt
    name: ron-rdt
    version: '0.10'
    git: https://github.com/ff-notes/ron.git
    pantry-tree:
      size: 979
      sha256: 2f93e1d42ae311e3625416c245ce882d7f6f1bf658ebc1ae46bd42a21f4bba51
    commit: f600cef831de2f52b7f89102b893c215a65941cf
  original:
    subdir: ron-rdt
    git: https://github.com/ff-notes/ron.git
    commit: f600cef831de2f52b7f89102b893c215a65941cf
- completed:
    subdir: ron-schema
    name: ron-schema
    version: 0.9.1
    git: https://github.com/ff-notes/ron.git
    pantry-tree:
      size: 542
      sha256: 7c5598a1adfa30868757c000a84550ee47d6510e1cc1bce9470fe141f654bb1c
    commit: f600cef831de2f52b7f89102b893c215a65941cf
  original:
    subdir: ron-schema
    git: https://github.com/ff-notes/ron.git
    commit: f600cef831de2f52b7f89102b893c215a65941cf
- completed:
    subdir: ron-storage
    name: ron-storage
    version: '0.11'
    git: https://github.com/ff-notes/ron.git
    pantry-tree:
      size: 477
      sha256: a311321974fcef9e9c829f0ffcd9e816fb05cbe43140b7fd856474cadec45895
    commit: f600cef831de2f52b7f89102b893c215a65941cf
  original:
    subdir: ron-storage
    git: https://github.com/ff-notes/ron.git
    commit: f600cef831de2f52b7f89102b893c215a65941cf
- completed:
    hackage: shellwords-0.1.2.2@sha256:fbcdec62b665eab3e30eadde91becbeacec735bb3780988eaae52f9b8c91b09b,1412
    pantry-tree:
      size: 427
      sha256: a16bcdbe3cb1cf8b715242c5ab6843950bafc892fe503299ff3bbf46842e9d6e
  original:
    hackage: shellwords-0.1.2.2
- completed:
    hackage: gi-gtk-declarative-0.7.0@sha256:7e6318ad162a97dc19af79499eb7bbb72022aa4ac3368e8a20fa199a7e8db2c6,4417
    pantry-tree:
      size: 2393
      sha256: eba1ca9b183eabe6f6b3ab2be9250428c97d2982d303f7abc0a431e5eaada73f
  original:
    hackage: gi-gtk-declarative-0.7.0
- completed:
    hackage: gi-gtk-declarative-app-simple-0.7.0@sha256:bc14f7cee5b933ce448f7ff5af13bd2cf63c657426003a8b41457556997ac39f,2276
    pantry-tree:
      size: 310
      sha256: 06ceda071cbb81f20e41a3ac1d7291d63b040aacce428817c31a6aea8ca94c2d
  original:
    hackage: gi-gtk-declarative-app-simple-0.7.0
- completed:
    hackage: haskell-src-1.0.3.1@sha256:6601bb4165fc5d66fb9ffc95912f770ceb1b59fce2248dd3cab4a4fa6a8b5942,1622
    pantry-tree:
      size: 621
      sha256: 66c93cb9b354563c10ded033976f71f6d090c53a9ac8ecd1945e63f518bee7be
  original:
    hackage: haskell-src-1.0.3.1
- completed:
    hackage: hoppy-generator-0.8.0@sha256:0bde228c625e307f836adf2be71e34e8bf74fc7658b19f8a04901fc81a482e2a,2178
    pantry-tree:
      size: 2776
      sha256: 9babba949e717c0487dc8f3599b200d671455b9dc0f6d8f1e0998e833114ddee
  original:
    hackage: hoppy-generator-0.8.0
- completed:
    hackage: hoppy-runtime-0.8.0@sha256:c6707ae20f21a1392f42c38ad45b0c1188de08fcda98883c6815088d622b17f1,1146
    pantry-tree:
      size: 297
      sha256: 0f5b781a66580bc223e82f3e9d914855bd8d112892660048e951756b498c1d72
  original:
    hackage: hoppy-runtime-0.8.0
- completed:
    hackage: hoppy-std-0.8.0@sha256:aff7bb6744d1b1366d0672db3722fc7b8f80f478293d100091867c6b19050ec8,1540
    pantry-tree:
      size: 1567
      sha256: cb6e6f4a465fe1bd813f8a846b6f9eb62e4711f600fdfc394f1a66d4f09af98a
  original:
    hackage: hoppy-std-0.8.0
- completed:
    hackage: qtah-cpp-qt5-0.8.0@sha256:bde73d4ebf7f118127fa1b775fb087873e6d74623dd9a004e868f87e666806f9,1519
    pantry-tree:
      size: 1805
      sha256: 6ef5f138b01a739a3fb3a2b6c81a76c4b167ddfa3f3ae6a3cb36320d74a703b8
  original:
    hackage: qtah-cpp-qt5-0.8.0
- completed:
    hackage: qtah-generator-0.8.0@sha256:389a5d5511b323d067709bbc6eabe8d70a34c3f6b352cd714ffcf370b7b3ba25,16278
    pantry-tree:
      size: 28229
      sha256: a37249a9ca084c910618a2c9151beeb5e989668556fef081720c6104f3f177d1
  original:
    hackage: qtah-generator-0.8.0
- completed:
    hackage: qtah-qt5-0.8.0@sha256:49dc0fcfa5996378fd7f04edf051880ce6b63205dd49ae4125d44101e922ddc9,25961
    pantry-tree:
      size: 51507
      sha256: 2bd684b751f9d3f526ee01430a5238d4a36e93bb53f51f61c572874daa512b64
  original:
    hackage: qtah-qt5-0.8.0
snapshots:
- completed:
    size: 563100
    url: https://raw.githubusercontent.com/commercialhaskell/stackage-snapshots/master/lts/17/0.yaml
    sha256: e93a85871577ea3423d5f3454b2b6bd37c2c2123c79faf511dfb64f5b49a9f8b
  original: lts-17.0
